
Microsoft Visual Studio Solution File, Format Version 12.00
# Visual Studio Version 17
VisualStudioVersion = 17.2.32519.379
MinimumVisualStudioVersion = 10.0.40219.1
Project("{FAE04EC0-301F-11D3-BF4B-00C04F79EFBC}") = "pryChristensenLOG", "pryChristensenLOG\pryChristensenLOG.csproj", "{CFFFB5D1-DFBC-4877-A5B7-ABC174DBF612}"
EndProject
Global
	GlobalSection(SolutionConfigurationPlatforms) = preSolution
		Debug|Any CPU = Debug|Any CPU
		Release|Any CPU = Release|Any CPU
	EndGlobalSection
	GlobalSection(ProjectConfigurationPlatforms) = postSolution
		{CFFFB5D1-DFBC-4877-A5B7-ABC174DBF612}.Debug|Any CPU.ActiveCfg = Debug|Any CPU
		{CFFFB5D1-DFBC-4877-A5B7-ABC174DBF612}.Debug|Any CPU.Build.0 = Debug|Any CPU
		{CFFFB5D1-DFBC-4877-A5B7-ABC174DBF612}.Release|Any CPU.ActiveCfg = Release|Any CPU
		{CFFFB5D1-DFBC-4877-A5B7-ABC174DBF612}.Release|Any CPU.Build.0 = Release|Any CPU
	EndGlobalSection
	GlobalSection(SolutionProperties) = preSolution
		HideSolutionNode = FALSE
	EndGlobalSection
	GlobalSection(ExtensibilityGlobals) = postSolution
		SolutionGuid = {FD0BDA56-7295-4670-9CF1-D9367E6D0D74}
	EndGlobalSection
EndGlobal
